
Microsoft Visual Studio Solution File, Format Version 12.00
# Visual Studio Version 17
VisualStudioVersion = 17.3.32929.385
MinimumVisualStudioVersion = 10.0.40219.1
Project("{FAE04EC0-301F-11D3-BF4B-00C04F79EFBC}") = "HW 3.2", "HW 3.2\HW 3.2.csproj", "{904B4B11-DA9F-4D69-AC4B-0E91B27F222B}"
EndProject
Global
	GlobalSection(SolutionConfigurationPlatforms) = preSolution
		Debug|Any CPU = Debug|Any CPU
		Release|Any CPU = Release|Any CPU
	EndGlobalSection
	GlobalSection(ProjectConfigurationPlatforms) = postSolution
		{904B4B11-DA9F-4D69-AC4B-0E91B27F222B}.Debug|Any CPU.ActiveCfg = Debug|Any CPU
		{904B4B11-DA9F-4D69-AC4B-0E91B27F222B}.Debug|Any CPU.Build.0 = Debug|Any CPU
		{904B4B11-DA9F-4D69-AC4B-0E91B27F222B}.Release|Any CPU.ActiveCfg = Release|Any CPU
		{904B4B11-DA9F-4D69-AC4B-0E91B27F222B}.Release|Any CPU.Build.0 = Release|Any CPU
	EndGlobalSection
	GlobalSection(SolutionProperties) = preSolution
		HideSolutionNode = FALSE
	EndGlobalSection
	GlobalSection(ExtensibilityGlobals) = postSolution
		SolutionGuid = {8A279CE9-4E81-4F34-9333-67E725D97D23}
	EndGlobalSection
EndGlobal
